
Microsoft Visual Studio Solution File, Format Version 12.00
# Visual Studio 2013
VisualStudioVersion = 12.0.40629.0
MinimumVisualStudioVersion = 10.0.40219.1
Project("{FAE04EC0-301F-11D3-BF4B-00C04F79EFBC}") = "nntpPoster", "nntpPoster\nntpPoster.csproj", "{52EDE790-8BC6-4CF3-AAF5-A2EA7A281F30}"
EndProject
Project("{FAE04EC0-301F-11D3-BF4B-00C04F79EFBC}") = "yEncLib", "yEncLib\yEncLib.csproj", "{F2A8ED8B-794C-4501-B128-D3C30E953EC9}"
EndProject
Project("{FAE04EC0-301F-11D3-BF4B-00C04F79EFBC}") = "rarTester", "rarTester\rarTester.csproj", "{0D5C7128-F9D9-4505-B0DE-64980BE03591}"
EndProject
Project("{FAE04EC0-301F-11D3-BF4B-00C04F79EFBC}") = "nntpAutoposter", "nntpAutoposter\nntpAutoposter.csproj", "{DF3F2C45-6232-41FA-A214-6A1EBC3CA2D7}"
EndProject
Project("{FAE04EC0-301F-11D3-BF4B-00C04F79EFBC}") = "Util", "Util\Util.csproj", "{F9427F11-11D3-4157-8876-C8DD1F62D009}"
EndProject
Project("{FAE04EC0-301F-11D3-BF4B-00C04F79EFBC}") = "PostingNntpClient", "PostingNntpClient\PostingNntpClient.csproj", "{1F83C86A-2FB2-44F5-82AB-E17527006A35}"
EndProject
Project("{FAE04EC0-301F-11D3-BF4B-00C04F79EFBC}") = "ExternalProcessWrappers", "ExternalProcessWrappers\ExternalProcessWrappers.csproj", "{80062F4F-5489-41C7-9B7E-BCB8A641E420}"
EndProject
Project("{FAE04EC0-301F-11D3-BF4B-00C04F79EFBC}") = "VideoFileRenamer", "VideoFileRenamer\VideoFileRenamer.csproj", "{D2804E33-1180-43BF-BA2E-A855E1F99804}"
EndProject
Project("{2150E333-8FDC-42A3-9474-1A3956D46DE8}") = "Releases", "Releases", "{4124926C-540C-4AED-BEC4-39C8842F492D}"
	ProjectSection(SolutionItems) = preProject
		Releases\0.1.zip = Releases\0.1.zip
		Releases\0.2.zip = Releases\0.2.zip
		Releases\0.3.zip = Releases\0.3.zip
		Releases\0.4.1.zip = Releases\0.4.1.zip
		Releases\0.4.zip = Releases\0.4.zip
	EndProjectSection
EndProject
Project("{FAE04EC0-301F-11D3-BF4B-00C04F79EFBC}") = "nntpAutoPosterWindowsService", "nntpAutoPosterWindowsService\nntpAutoPosterWindowsService.csproj", "{523CACA4-A579-45D1-84F9-A3A9695D21BD}"
EndProject
Project("{FAE04EC0-301F-11D3-BF4B-00C04F79EFBC}") = "GenerateDefaultConfig", "GenerateDefaultConfig\GenerateDefaultConfig.csproj", "{2A4A6941-0AAC-4FB0-8B8D-E3F482D5972D}"
EndProject
Project("{FAE04EC0-301F-11D3-BF4B-00C04F79EFBC}") = "LoggingExtensions", "LoggingExtensions\LoggingExtensions.csproj", "{B1310D73-74CE-419C-BF35-3E0CFE80A91B}"
EndProject
Project("{FAE04EC0-301F-11D3-BF4B-00C04F79EFBC}") = "TestLoggingExtensions", "TestLoggingExtensions\TestLoggingExtensions.csproj", "{9BEB5E52-2174-44CE-85DD-E6B6ED2D93D7}"
EndProject
Global
	GlobalSection(SolutionConfigurationPlatforms) = preSolution
		Debug|Any CPU = Debug|Any CPU
		Mono|Any CPU = Mono|Any CPU
		Package|Any CPU = Package|Any CPU
		Release|Any CPU = Release|Any CPU
	EndGlobalSection
	GlobalSection(ProjectConfigurationPlatforms) = postSolution
		{52EDE790-8BC6-4CF3-AAF5-A2EA7A281F30}.Debug|Any CPU.ActiveCfg = Debug|Any CPU
		{52EDE790-8BC6-4CF3-AAF5-A2EA7A281F30}.Debug|Any CPU.Build.0 = Debug|Any CPU
		{52EDE790-8BC6-4CF3-AAF5-A2EA7A281F30}.Mono|Any CPU.ActiveCfg = Mono|Any CPU
		{52EDE790-8BC6-4CF3-AAF5-A2EA7A281F30}.Mono|Any CPU.Build.0 = Mono|Any CPU
		{52EDE790-8BC6-4CF3-AAF5-A2EA7A281F30}.Package|Any CPU.ActiveCfg = Package|Any CPU
		{52EDE790-8BC6-4CF3-AAF5-A2EA7A281F30}.Package|Any CPU.Build.0 = Package|Any CPU
		{52EDE790-8BC6-4CF3-AAF5-A2EA7A281F30}.Release|Any CPU.ActiveCfg = Release|Any CPU
		{52EDE790-8BC6-4CF3-AAF5-A2EA7A281F30}.Release|Any CPU.Build.0 = Release|Any CPU
		{F2A8ED8B-794C-4501-B128-D3C30E953EC9}.Debug|Any CPU.ActiveCfg = Debug|Any CPU
		{F2A8ED8B-794C-4501-B128-D3C30E953EC9}.Debug|Any CPU.Build.0 = Debug|Any CPU
		{F2A8ED8B-794C-4501-B128-D3C30E953EC9}.Mono|Any CPU.ActiveCfg = Mono|Any CPU
		{F2A8ED8B-794C-4501-B128-D3C30E953EC9}.Mono|Any CPU.Build.0 = Mono|Any CPU
		{F2A8ED8B-794C-4501-B128-D3C30E953EC9}.Package|Any CPU.ActiveCfg = Package|Any CPU
		{F2A8ED8B-794C-4501-B128-D3C30E953EC9}.Package|Any CPU.Build.0 = Package|Any CPU
		{F2A8ED8B-794C-4501-B128-D3C30E953EC9}.Release|Any CPU.ActiveCfg = Release|Any CPU
		{F2A8ED8B-794C-4501-B128-D3C30E953EC9}.Release|Any CPU.Build.0 = Release|Any CPU
		{0D5C7128-F9D9-4505-B0DE-64980BE03591}.Debug|Any CPU.ActiveCfg = Debug|Any CPU
		{0D5C7128-F9D9-4505-B0DE-64980BE03591}.Debug|Any CPU.Build.0 = Debug|Any CPU
		{0D5C7128-F9D9-4505-B0DE-64980BE03591}.Mono|Any CPU.ActiveCfg = Mono|Any CPU
		{0D5C7128-F9D9-4505-B0DE-64980BE03591}.Mono|Any CPU.Build.0 = Mono|Any CPU
		{0D5C7128-F9D9-4505-B0DE-64980BE03591}.Package|Any CPU.ActiveCfg = Package|Any CPU
		{0D5C7128-F9D9-4505-B0DE-64980BE03591}.Package|Any CPU.Build.0 = Package|Any CPU
		{0D5C7128-F9D9-4505-B0DE-64980BE03591}.Release|Any CPU.ActiveCfg = Release|Any CPU
		{0D5C7128-F9D9-4505-B0DE-64980BE03591}.Release|Any CPU.Build.0 = Release|Any CPU
		{DF3F2C45-6232-41FA-A214-6A1EBC3CA2D7}.Debug|Any CPU.ActiveCfg = Debug|Any CPU
		{DF3F2C45-6232-41FA-A214-6A1EBC3CA2D7}.Debug|Any CPU.Build.0 = Debug|Any CPU
		{DF3F2C45-6232-41FA-A214-6A1EBC3CA2D7}.Mono|Any CPU.ActiveCfg = Mono|Any CPU
		{DF3F2C45-6232-41FA-A214-6A1EBC3CA2D7}.Mono|Any CPU.Build.0 = Mono|Any CPU
		{DF3F2C45-6232-41FA-A214-6A1EBC3CA2D7}.Package|Any CPU.ActiveCfg = Package|Any CPU
		{DF3F2C45-6232-41FA-A214-6A1EBC3CA2D7}.Package|Any CPU.Build.0 = Package|Any CPU
		{DF3F2C45-6232-41FA-A214-6A1EBC3CA2D7}.Release|Any CPU.ActiveCfg = Release|Any CPU
		{DF3F2C45-6232-41FA-A214-6A1EBC3CA2D7}.Release|Any CPU.Build.0 = Release|Any CPU
		{F9427F11-11D3-4157-8876-C8DD1F62D009}.Debug|Any CPU.ActiveCfg = Debug|Any CPU
		{F9427F11-11D3-4157-8876-C8DD1F62D009}.Debug|Any CPU.Build.0 = Debug|Any CPU
		{F9427F11-11D3-4157-8876-C8DD1F62D009}.Mono|Any CPU.ActiveCfg = Mono|Any CPU
		{F9427F11-11D3-4157-8876-C8DD1F62D009}.Mono|Any CPU.Build.0 = Mono|Any CPU
		{F9427F11-11D3-4157-8876-C8DD1F62D009}.Package|Any CPU.ActiveCfg = Package|Any CPU
		{F9427F11-11D3-4157-8876-C8DD1F62D009}.Package|Any CPU.Build.0 = Package|Any CPU
		{F9427F11-11D3-4157-8876-C8DD1F62D009}.Release|Any CPU.ActiveCfg = Release|Any CPU
		{F9427F11-11D3-4157-8876-C8DD1F62D009}.Release|Any CPU.Build.0 = Release|Any CPU
		{1F83C86A-2FB2-44F5-82AB-E17527006A35}.Debug|Any CPU.ActiveCfg = Debug|Any CPU
		{1F83C86A-2FB2-44F5-82AB-E17527006A35}.Debug|Any CPU.Build.0 = Debug|Any CPU
		{1F83C86A-2FB2-44F5-82AB-E17527006A35}.Mono|Any CPU.ActiveCfg = Mono|Any CPU
		{1F83C86A-2FB2-44F5-82AB-E17527006A35}.Mono|Any CPU.Build.0 = Mono|Any CPU
		{1F83C86A-2FB2-44F5-82AB-E17527006A35}.Package|Any CPU.ActiveCfg = Package|Any CPU
		{1F83C86A-2FB2-44F5-82AB-E17527006A35}.Package|Any CPU.Build.0 = Package|Any CPU
		{1F83C86A-2FB2-44F5-82AB-E17527006A35}.Release|Any CPU.ActiveCfg = Release|Any CPU
		{1F83C86A-2FB2-44F5-82AB-E17527006A35}.Release|Any CPU.Build.0 = Release|Any CPU
		{80062F4F-5489-41C7-9B7E-BCB8A641E420}.Debug|Any CPU.ActiveCfg = Debug|Any CPU
		{80062F4F-5489-41C7-9B7E-BCB8A641E420}.Debug|Any CPU.Build.0 = Debug|Any CPU
		{80062F4F-5489-41C7-9B7E-BCB8A641E420}.Mono|Any CPU.ActiveCfg = Mono|Any CPU
		{80062F4F-5489-41C7-9B7E-BCB8A641E420}.Mono|Any CPU.Build.0 = Mono|Any CPU
		{80062F4F-5489-41C7-9B7E-BCB8A641E420}.Package|Any CPU.ActiveCfg = Package|Any CPU
		{80062F4F-5489-41C7-9B7E-BCB8A641E420}.Package|Any CPU.Build.0 = Package|Any CPU
		{80062F4F-5489-41C7-9B7E-BCB8A641E420}.Release|Any CPU.ActiveCfg = Release|Any CPU
		{80062F4F-5489-41C7-9B7E-BCB8A641E420}.Release|Any CPU.Build.0 = Release|Any CPU
		{D2804E33-1180-43BF-BA2E-A855E1F99804}.Debug|Any CPU.ActiveCfg = Debug|Any CPU
		{D2804E33-1180-43BF-BA2E-A855E1F99804}.Debug|Any CPU.Build.0 = Debug|Any CPU
		{D2804E33-1180-43BF-BA2E-A855E1F99804}.Mono|Any CPU.ActiveCfg = Mono|Any CPU
		{D2804E33-1180-43BF-BA2E-A855E1F99804}.Mono|Any CPU.Build.0 = Mono|Any CPU
		{D2804E33-1180-43BF-BA2E-A855E1F99804}.Package|Any CPU.ActiveCfg = Package|Any CPU
		{D2804E33-1180-43BF-BA2E-A855E1F99804}.Package|Any CPU.Build.0 = Package|Any CPU
		{D2804E33-1180-43BF-BA2E-A855E1F99804}.Release|Any CPU.ActiveCfg = Release|Any CPU
		{D2804E33-1180-43BF-BA2E-A855E1F99804}.Release|Any CPU.Build.0 = Release|Any CPU
		{523CACA4-A579-45D1-84F9-A3A9695D21BD}.Debug|Any CPU.ActiveCfg = Debug|Any CPU
		{523CACA4-A579-45D1-84F9-A3A9695D21BD}.Debug|Any CPU.Build.0 = Debug|Any CPU
		{523CACA4-A579-45D1-84F9-A3A9695D21BD}.Mono|Any CPU.ActiveCfg = Mono|Any CPU
		{523CACA4-A579-45D1-84F9-A3A9695D21BD}.Mono|Any CPU.Build.0 = Mono|Any CPU
		{523CACA4-A579-45D1-84F9-A3A9695D21BD}.Package|Any CPU.ActiveCfg = Package|Any CPU
		{523CACA4-A579-45D1-84F9-A3A9695D21BD}.Package|Any CPU.Build.0 = Package|Any CPU
		{523CACA4-A579-45D1-84F9-A3A9695D21BD}.Release|Any CPU.ActiveCfg = Release|Any CPU
		{523CACA4-A579-45D1-84F9-A3A9695D21BD}.Release|Any CPU.Build.0 = Release|Any CPU
		{2A4A6941-0AAC-4FB0-8B8D-E3F482D5972D}.Debug|Any CPU.ActiveCfg = Debug|Any CPU
		{2A4A6941-0AAC-4FB0-8B8D-E3F482D5972D}.Debug|Any CPU.Build.0 = Debug|Any CPU
		{2A4A6941-0AAC-4FB0-8B8D-E3F482D5972D}.Mono|Any CPU.ActiveCfg = Release|Any CPU
		{2A4A6941-0AAC-4FB0-8B8D-E3F482D5972D}.Mono|Any CPU.Build.0 = Release|Any CPU
		{2A4A6941-0AAC-4FB0-8B8D-E3F482D5972D}.Package|Any CPU.ActiveCfg = Release|Any CPU
		{2A4A6941-0AAC-4FB0-8B8D-E3F482D5972D}.Package|Any CPU.Build.0 = Release|Any CPU
		{2A4A6941-0AAC-4FB0-8B8D-E3F482D5972D}.Release|Any CPU.ActiveCfg = Release|Any CPU
		{2A4A6941-0AAC-4FB0-8B8D-E3F482D5972D}.Release|Any CPU.Build.0 = Release|Any CPU
		{B1310D73-74CE-419C-BF35-3E0CFE80A91B}.Debug|Any CPU.ActiveCfg = Debug|Any CPU
		{B1310D73-74CE-419C-BF35-3E0CFE80A91B}.Debug|Any CPU.Build.0 = Debug|Any CPU
		{B1310D73-74CE-419C-BF35-3E0CFE80A91B}.Mono|Any CPU.ActiveCfg = Release|Any CPU
		{B1310D73-74CE-419C-BF35-3E0CFE80A91B}.Mono|Any CPU.Build.0 = Release|Any CPU
		{B1310D73-74CE-419C-BF35-3E0CFE80A91B}.Package|Any CPU.ActiveCfg = Release|Any CPU
		{B1310D73-74CE-419C-BF35-3E0CFE80A91B}.Package|Any CPU.Build.0 = Release|Any CPU
		{B1310D73-74CE-419C-BF35-3E0CFE80A91B}.Release|Any CPU.ActiveCfg = Release|Any CPU
		{B1310D73-74CE-419C-BF35-3E0CFE80A91B}.Release|Any CPU.Build.0 = Release|Any CPU
		{9BEB5E52-2174-44CE-85DD-E6B6ED2D93D7}.Debug|Any CPU.ActiveCfg = Debug|Any CPU
		{9BEB5E52-2174-44CE-85DD-E6B6ED2D93D7}.Debug|Any CPU.Build.0 = Debug|Any CPU
		{9BEB5E52-2174-44CE-85DD-E6B6ED2D93D7}.Mono|Any CPU.ActiveCfg = Release|Any CPU
		{9BEB5E52-2174-44CE-85DD-E6B6ED2D93D7}.Mono|Any CPU.Build.0 = Release|Any CPU
		{9BEB5E52-2174-44CE-85DD-E6B6ED2D93D7}.Package|Any CPU.ActiveCfg = Release|Any CPU
		{9BEB5E52-2174-44CE-85DD-E6B6ED2D93D7}.Package|Any CPU.Build.0 = Release|Any CPU
		{9BEB5E52-2174-44CE-85DD-E6B6ED2D93D7}.Release|Any CPU.ActiveCfg = Release|Any CPU
		{9BEB5E52-2174-44CE-85DD-E6B6ED2D93D7}.Release|Any CPU.Build.0 = Release|Any CPU
	EndGlobalSection
	GlobalSection(SolutionProperties) = preSolution
		HideSolutionNode = FALSE
	EndGlobalSection
EndGlobal
